// !$*UTF8*$!
{
	archiveVersion = 1;
	classes = {
	};
	objectVersion = 46;
	objects = {

/* Begin PBXBuildFile section */
		DE0452D91BB51251008D747C /* StaffRegistration1ViewController.m in Sources */ = {isa = PBXBuildFile; fileRef = DE0452D81BB51251008D747C /* StaffRegistration1ViewController.m */; };
		DE0452DC1BB53944008D747C /* StaffRegistration4ViewController.m in Sources */ = {isa = PBXBuildFile; fileRef = DE0452DB1BB53944008D747C /* StaffRegistration4ViewController.m */; };
		DE1D82E11BA33469005671DB /* ToggleAccountViewController.m in Sources */ = {isa = PBXBuildFile; fileRef = DE1D82E01BA33469005671DB /* ToggleAccountViewController.m */; };
		DE493F361BD72A7B005DC462 /* StaffAccountSettingsViewController.m in Sources */ = {isa = PBXBuildFile; fileRef = DE493F351BD72A7B005DC462 /* StaffAccountSettingsViewController.m */; settings = {ASSET_TAGS = (); }; };
		DE493F3A1BD72A9D005DC462 /* EmployerAccountSettingsViewController.m in Sources */ = {isa = PBXBuildFile; fileRef = DE493F391BD72A9D005DC462 /* EmployerAccountSettingsViewController.m */; settings = {ASSET_TAGS = (); }; };
		DE4AC3F01BB75FA50071D7E2 /* EmployerRegistration0ViewController.m in Sources */ = {isa = PBXBuildFile; fileRef = DE4AC3EF1BB75FA50071D7E2 /* EmployerRegistration0ViewController.m */; settings = {ASSET_TAGS = (); }; };
		DE4AC3F31BB75FD90071D7E2 /* EmployerRegistration2ViewController.m in Sources */ = {isa = PBXBuildFile; fileRef = DE4AC3F21BB75FD90071D7E2 /* EmployerRegistration2ViewController.m */; settings = {ASSET_TAGS = (); }; };
		DE4AC3F61BB75FFD0071D7E2 /* EmployerRegistration3ViewController.m in Sources */ = {isa = PBXBuildFile; fileRef = DE4AC3F51BB75FFD0071D7E2 /* EmployerRegistration3ViewController.m */; settings = {ASSET_TAGS = (); }; };
		DE4AC4021BB761620071D7E2 /* RegisteredEmployer.m in Sources */ = {isa = PBXBuildFile; fileRef = DE4AC4011BB761620071D7E2 /* RegisteredEmployer.m */; settings = {ASSET_TAGS = (); }; };
		DE6722B41B968CC600599039 /* main.m in Sources */ = {isa = PBXBuildFile; fileRef = DE6722B31B968CC600599039 /* main.m */; };
		DE6722B71B968CC600599039 /* AppDelegate.m in Sources */ = {isa = PBXBuildFile; fileRef = DE6722B61B968CC600599039 /* AppDelegate.m */; };
		DE6722BA1B968CC600599039 /* GoLocalApp.xcdatamodeld in Sources */ = {isa = PBXBuildFile; fileRef = DE6722B81B968CC600599039 /* GoLocalApp.xcdatamodeld */; };
		DE6722BD1B968CC600599039 /* LogInViewController.m in Sources */ = {isa = PBXBuildFile; fileRef = DE6722BC1B968CC600599039 /* LogInViewController.m */; };
		DE6722C01B968CC600599039 /* Main.storyboard in Resources */ = {isa = PBXBuildFile; fileRef = DE6722BE1B968CC600599039 /* Main.storyboard */; };
		DE6722C21B968CC600599039 /* Images.xcassets in Resources */ = {isa = PBXBuildFile; fileRef = DE6722C11B968CC600599039 /* Images.xcassets */; };
		DE6722C51B968CC600599039 /* LaunchScreen.xib in Resources */ = {isa = PBXBuildFile; fileRef = DE6722C31B968CC600599039 /* LaunchScreen.xib */; };
		DE6722D11B968CC600599039 /* GoLocalAppTests.m in Sources */ = {isa = PBXBuildFile; fileRef = DE6722D01B968CC600599039 /* GoLocalAppTests.m */; };
		DE6722DF1B968D4500599039 /* EmployerHomeViewController.m in Sources */ = {isa = PBXBuildFile; fileRef = DE6722DE1B968D4500599039 /* EmployerHomeViewController.m */; };
		DE6722E21B968D5500599039 /* StaffHomeViewController.m in Sources */ = {isa = PBXBuildFile; fileRef = DE6722E11B968D5500599039 /* StaffHomeViewController.m */; };
		DE6722E61B968D8700599039 /* PreRegistrationViewController.m in Sources */ = {isa = PBXBuildFile; fileRef = DE6722E51B968D8700599039 /* PreRegistrationViewController.m */; };
		DE6722E91B968D9F00599039 /* StaffRegistration0ViewController.m in Sources */ = {isa = PBXBuildFile; fileRef = DE6722E81B968D9F00599039 /* StaffRegistration0ViewController.m */; };
		DE6722EC1B968DB900599039 /* EmployerRegistration1ViewController.m in Sources */ = {isa = PBXBuildFile; fileRef = DE6722EB1B968DB900599039 /* EmployerRegistration1ViewController.m */; };
		DE7BB00E1BD2A806002E3A52 /* SearchTalentViewController.m in Sources */ = {isa = PBXBuildFile; fileRef = DE7BB00C1BD2A806002E3A52 /* SearchTalentViewController.m */; settings = {ASSET_TAGS = (); }; };
		DE7BB00F1BD2A806002E3A52 /* SearchTalentViewController.xib in Resources */ = {isa = PBXBuildFile; fileRef = DE7BB00D1BD2A806002E3A52 /* SearchTalentViewController.xib */; settings = {ASSET_TAGS = (); }; };
		DE7BB0131BD4043E002E3A52 /* ColorWheel.m in Sources */ = {isa = PBXBuildFile; fileRef = DE7BB0121BD4043E002E3A52 /* ColorWheel.m */; settings = {ASSET_TAGS = (); }; };
		DE8444A91B9F75060085DA73 /* StaffRegistration13ViewController.m in Sources */ = {isa = PBXBuildFile; fileRef = DE8444A81B9F75060085DA73 /* StaffRegistration13ViewController.m */; };
		DE8444AF1B9FAB570085DA73 /* StaffRegistration14ViewController.m in Sources */ = {isa = PBXBuildFile; fileRef = DE8444AE1B9FAB570085DA73 /* StaffRegistration14ViewController.m */; };
		DE8C2E5B1BA9B81200AA0BB6 /* StaffRegistration2ViewController.m in Sources */ = {isa = PBXBuildFile; fileRef = DE8C2E5A1BA9B81200AA0BB6 /* StaffRegistration2ViewController.m */; };
		DE8C2E5E1BA9BB2C00AA0BB6 /* StaffRegistration3ViewController.m in Sources */ = {isa = PBXBuildFile; fileRef = DE8C2E5D1BA9BB2C00AA0BB6 /* StaffRegistration3ViewController.m */; };
		DE8C2E611BA9E16600AA0BB6 /* StaffRegistration10ViewController.m in Sources */ = {isa = PBXBuildFile; fileRef = DE8C2E601BA9E16600AA0BB6 /* StaffRegistration10ViewController.m */; };
		DEC6532E1BB25B73001A8655 /* StaffDatabase.m in Sources */ = {isa = PBXBuildFile; fileRef = DEC6532D1BB25B73001A8655 /* StaffDatabase.m */; };
		DEC653321BB39930001A8655 /* RegisteredStaff.m in Sources */ = {isa = PBXBuildFile; fileRef = DEC653311BB3992F001A8655 /* RegisteredStaff.m */; };
		DED49C471B97CA0A0091B986 /* ForgotPasswordViewController.m in Sources */ = {isa = PBXBuildFile; fileRef = DED49C461B97CA0A0091B986 /* ForgotPasswordViewController.m */; };
		DEE6B84A1B9942CA00912541 /* StaffRegistration5ViewController.m in Sources */ = {isa = PBXBuildFile; fileRef = DEE6B8491B9942CA00912541 /* StaffRegistration5ViewController.m */; };
		DEE6B84D1B9942DA00912541 /* StaffRegistration6ViewController.m in Sources */ = {isa = PBXBuildFile; fileRef = DEE6B84C1B9942DA00912541 /* StaffRegistration6ViewController.m */; };
		DEE6B8501B9942E500912541 /* StaffRegistration7ViewController.m in Sources */ = {isa = PBXBuildFile; fileRef = DEE6B84F1B9942E500912541 /* StaffRegistration7ViewController.m */; };
		DEF0BAB91B9D56C8001C6D84 /* StaffRegistration8ViewController.m in Sources */ = {isa = PBXBuildFile; fileRef = DEF0BAB81B9D56C8001C6D84 /* StaffRegistration8ViewController.m */; };
		DEF0BAC71B9E5025001C6D84 /* StaffRegistration9ViewController.m in Sources */ = {isa = PBXBuildFile; fileRef = DEF0BAC61B9E5025001C6D84 /* StaffRegistration9ViewController.m */; };
		DEF0BACD1B9E5051001C6D84 /* StaffRegistration11ViewController.m in Sources */ = {isa = PBXBuildFile; fileRef = DEF0BACC1B9E5051001C6D84 /* StaffRegistration11ViewController.m */; };
		DEF0BAD11B9EB2FA001C6D84 /* StaffRegistration12ViewController.m in Sources */ = {isa = PBXBuildFile; fileRef = DEF0BAD01B9EB2FA001C6D84 /* StaffRegistration12ViewController.m */; };
/* End PBXBuildFile section */

/* Begin PBXContainerItemProxy section */
		DE6722CB1B968CC600599039 /* PBXContainerItemProxy */ = {
			isa = PBXContainerItemProxy;
			containerPortal = DE6722A61B968CC600599039 /* Project object */;
			proxyType = 1;
			remoteGlobalIDString = DE6722AD1B968CC600599039;
			remoteInfo = GoLocalApp;
		};
/* End PBXContainerItemProxy section */

/* Begin PBXFileReference section */
		DE0452D71BB51251008D747C /* StaffRegistration1ViewController.h */ = {isa = PBXFileReference; fileEncoding = 4; lastKnownFileType = sourcecode.c.h; path = StaffRegistration1ViewController.h; sourceTree = "<group>"; };
		DE0452D81BB51251008D747C /* StaffRegistration1ViewController.m */ = {isa = PBXFileReference; fileEncoding = 4; lastKnownFileType = sourcecode.c.objc; path = StaffRegistration1ViewController.m; sourceTree = "<group>"; };
		DE0452DA1BB53944008D747C /* StaffRegistration4ViewController.h */ = {isa = PBXFileReference; fileEncoding = 4; lastKnownFileType = sourcecode.c.h; path = StaffRegistration4ViewController.h; sourceTree = "<group>"; };
		DE0452DB1BB53944008D747C /* StaffRegistration4ViewController.m */ = {isa = PBXFileReference; fileEncoding = 4; lastKnownFileType = sourcecode.c.objc; path = StaffRegistration4ViewController.m; sourceTree = "<group>"; };
		DE1D82DF1BA33469005671DB /* ToggleAccountViewController.h */ = {isa = PBXFileReference; fileEncoding = 4; lastKnownFileType = sourcecode.c.h; path = ToggleAccountViewController.h; sourceTree = "<group>"; };
		DE1D82E01BA33469005671DB /* ToggleAccountViewController.m */ = {isa = PBXFileReference; fileEncoding = 4; lastKnownFileType = sourcecode.c.objc; path = ToggleAccountViewController.m; sourceTree = "<group>"; };
		DE493F341BD72A7B005DC462 /* StaffAccountSettingsViewController.h */ = {isa = PBXFileReference; fileEncoding = 4; lastKnownFileType = sourcecode.c.h; path = StaffAccountSettingsViewController.h; sourceTree = "<group>"; };
		DE493F351BD72A7B005DC462 /* StaffAccountSettingsViewController.m */ = {isa = PBXFileReference; fileEncoding = 4; lastKnownFileType = sourcecode.c.objc; path = StaffAccountSettingsViewController.m; sourceTree = "<group>"; };
		DE493F381BD72A9D005DC462 /* EmployerAccountSettingsViewController.h */ = {isa = PBXFileReference; fileEncoding = 4; lastKnownFileType = sourcecode.c.h; path = EmployerAccountSettingsViewController.h; sourceTree = "<group>"; };
		DE493F391BD72A9D005DC462 /* EmployerAccountSettingsViewController.m */ = {isa = PBXFileReference; fileEncoding = 4; lastKnownFileType = sourcecode.c.objc; path = EmployerAccountSettingsViewController.m; sourceTree = "<group>"; };
		DE4AC3EE1BB75FA50071D7E2 /* EmployerRegistration0ViewController.h */ = {isa = PBXFileReference; fileEncoding = 4; lastKnownFileType = sourcecode.c.h; path = EmployerRegistration0ViewController.h; sourceTree = "<group>"; };
		DE4AC3EF1BB75FA50071D7E2 /* EmployerRegistration0ViewController.m */ = {isa = PBXFileReference; fileEncoding = 4; lastKnownFileType = sourcecode.c.objc; path = EmployerRegistration0ViewController.m; sourceTree = "<group>"; };
		DE4AC3F11BB75FD90071D7E2 /* EmployerRegistration2ViewController.h */ = {isa = PBXFileReference; fileEncoding = 4; lastKnownFileType = sourcecode.c.h; path = EmployerRegistration2ViewController.h; sourceTree = "<group>"; };
		DE4AC3F21BB75FD90071D7E2 /* EmployerRegistration2ViewController.m */ = {isa = PBXFileReference; fileEncoding = 4; lastKnownFileType = sourcecode.c.objc; path = EmployerRegistration2ViewController.m; sourceTree = "<group>"; };
		DE4AC3F41BB75FFD0071D7E2 /* EmployerRegistration3ViewController.h */ = {isa = PBXFileReference; fileEncoding = 4; lastKnownFileType = sourcecode.c.h; path = EmployerRegistration3ViewController.h; sourceTree = "<group>"; };
		DE4AC3F51BB75FFD0071D7E2 /* EmployerRegistration3ViewController.m */ = {isa = PBXFileReference; fileEncoding = 4; lastKnownFileType = sourcecode.c.objc; path = EmployerRegistration3ViewController.m; sourceTree = "<group>"; };
		DE4AC4001BB761620071D7E2 /* RegisteredEmployer.h */ = {isa = PBXFileReference; fileEncoding = 4; lastKnownFileType = sourcecode.c.h; path = RegisteredEmployer.h; sourceTree = "<group>"; };
		DE4AC4011BB761620071D7E2 /* RegisteredEmployer.m */ = {isa = PBXFileReference; fileEncoding = 4; lastKnownFileType = sourcecode.c.objc; path = RegisteredEmployer.m; sourceTree = "<group>"; };
		DE6722AE1B968CC600599039 /* GoLocalApp.app */ = {isa = PBXFileReference; explicitFileType = wrapper.application; includeInIndex = 0; path = GoLocalApp.app; sourceTree = BUILT_PRODUCTS_DIR; };
		DE6722B21B968CC600599039 /* Info.plist */ = {isa = PBXFileReference; lastKnownFileType = text.plist.xml; path = Info.plist; sourceTree = "<group>"; };
		DE6722B31B968CC600599039 /* main.m */ = {isa = PBXFileReference; lastKnownFileType = sourcecode.c.objc; path = main.m; sourceTree = "<group>"; };
		DE6722B51B968CC600599039 /* AppDelegate.h */ = {isa = PBXFileReference; lastKnownFileType = sourcecode.c.h; path = AppDelegate.h; sourceTree = "<group>"; };
		DE6722B61B968CC600599039 /* AppDelegate.m */ = {isa = PBXFileReference; lastKnownFileType = sourcecode.c.objc; path = AppDelegate.m; sourceTree = "<group>"; };
		DE6722B91B968CC600599039 /* GoLocalApp.xcdatamodel */ = {isa = PBXFileReference; lastKnownFileType = wrapper.xcdatamodel; path = GoLocalApp.xcdatamodel; sourceTree = "<group>"; };
		DE6722BB1B968CC600599039 /* LogInViewController.h */ = {isa = PBXFileReference; lastKnownFileType = sourcecode.c.h; path = LogInViewController.h; sourceTree = "<group>"; };
		DE6722BC1B968CC600599039 /* LogInViewController.m */ = {isa = PBXFileReference; lastKnownFileType = sourcecode.c.objc; path = LogInViewController.m; sourceTree = "<group>"; };
		DE6722BF1B968CC600599039 /* Base */ = {isa = PBXFileReference; lastKnownFileType = file.storyboard; name = Base; path = Base.lproj/Main.storyboard; sourceTree = "<group>"; };
		DE6722C11B968CC600599039 /* Images.xcassets */ = {isa = PBXFileReference; lastKnownFileType = folder.assetcatalog; path = Images.xcassets; sourceTree = "<group>"; };
		DE6722C41B968CC600599039 /* Base */ = {isa = PBXFileReference; lastKnownFileType = file.xib; name = Base; path = Base.lproj/LaunchScreen.xib; sourceTree = "<group>"; };
		DE6722CA1B968CC600599039 /* GoLocalAppTests.xctest */ = {isa = PBXFileReference; explicitFileType = wrapper.cfbundle; includeInIndex = 0; path = GoLocalAppTests.xctest; sourceTree = BUILT_PRODUCTS_DIR; };
		DE6722CF1B968CC600599039 /* Info.plist */ = {isa = PBXFileReference; lastKnownFileType = text.plist.xml; path = Info.plist; sourceTree = "<group>"; };
		DE6722D01B968CC600599039 /* GoLocalAppTests.m */ = {isa = PBXFileReference; lastKnownFileType = sourcecode.c.objc; path = GoLocalAppTests.m; sourceTree = "<group>"; };
		DE6722DD1B968D4500599039 /* EmployerHomeViewController.h */ = {isa = PBXFileReference; fileEncoding = 4; lastKnownFileType = sourcecode.c.h; path = EmployerHomeViewController.h; sourceTree = "<group>"; };
		DE6722DE1B968D4500599039 /* EmployerHomeViewController.m */ = {isa = PBXFileReference; fileEncoding = 4; lastKnownFileType = sourcecode.c.objc; path = EmployerHomeViewController.m; sourceTree = "<group>"; };
		DE6722E01B968D5500599039 /* StaffHomeViewController.h */ = {isa = PBXFileReference; fileEncoding = 4; lastKnownFileType = sourcecode.c.h; path = StaffHomeViewController.h; sourceTree = "<group>"; };
		DE6722E11B968D5500599039 /* StaffHomeViewController.m */ = {isa = PBXFileReference; fileEncoding = 4; lastKnownFileType = sourcecode.c.objc; path = StaffHomeViewController.m; sourceTree = "<group>"; };
		DE6722E41B968D8700599039 /* PreRegistrationViewController.h */ = {isa = PBXFileReference; fileEncoding = 4; lastKnownFileType = sourcecode.c.h; path = PreRegistrationViewController.h; sourceTree = "<group>"; };
		DE6722E51B968D8700599039 /* PreRegistrationViewController.m */ = {isa = PBXFileReference; fileEncoding = 4; lastKnownFileType = sourcecode.c.objc; path = PreRegistrationViewController.m; sourceTree = "<group>"; };
		DE6722E71B968D9F00599039 /* StaffRegistration0ViewController.h */ = {isa = PBXFileReference; fileEncoding = 4; lastKnownFileType = sourcecode.c.h; path = StaffRegistration0ViewController.h; sourceTree = "<group>"; };
		DE6722E81B968D9F00599039 /* StaffRegistration0ViewController.m */ = {isa = PBXFileReference; fileEncoding = 4; lastKnownFileType = sourcecode.c.objc; path = StaffRegistration0ViewController.m; sourceTree = "<group>"; };
		DE6722EA1B968DB900599039 /* EmployerRegistration1ViewController.h */ = {isa = PBXFileReference; fileEncoding = 4; lastKnownFileType = sourcecode.c.h; path = EmployerRegistration1ViewController.h; sourceTree = "<group>"; };
		DE6722EB1B968DB900599039 /* EmployerRegistration1ViewController.m */ = {isa = PBXFileReference; fileEncoding = 4; lastKnownFileType = sourcecode.c.objc; path = EmployerRegistration1ViewController.m; sourceTree = "<group>"; };
		DE7BB00B1BD2A806002E3A52 /* SearchTalentViewController.h */ = {isa = PBXFileReference; fileEncoding = 4; lastKnownFileType = sourcecode.c.h; path = SearchTalentViewController.h; sourceTree = "<group>"; };
		DE7BB00C1BD2A806002E3A52 /* SearchTalentViewController.m */ = {isa = PBXFileReference; fileEncoding = 4; lastKnownFileType = sourcecode.c.objc; path = SearchTalentViewController.m; sourceTree = "<group>"; };
		DE7BB00D1BD2A806002E3A52 /* SearchTalentViewController.xib */ = {isa = PBXFileReference; fileEncoding = 4; lastKnownFileType = file.xib; path = SearchTalentViewController.xib; sourceTree = "<group>"; };
		DE7BB0111BD4043E002E3A52 /* ColorWheel.h */ = {isa = PBXFileReference; fileEncoding = 4; lastKnownFileType = sourcecode.c.h; path = ColorWheel.h; sourceTree = "<group>"; };
		DE7BB0121BD4043E002E3A52 /* ColorWheel.m */ = {isa = PBXFileReference; fileEncoding = 4; lastKnownFileType = sourcecode.c.objc; path = ColorWheel.m; sourceTree = "<group>"; };
		DE8444A71B9F75060085DA73 /* StaffRegistration13ViewController.h */ = {isa = PBXFileReference; fileEncoding = 4; lastKnownFileType = sourcecode.c.h; path = StaffRegistration13ViewController.h; sourceTree = "<group>"; };
		DE8444A81B9F75060085DA73 /* StaffRegistration13ViewController.m */ = {isa = PBXFileReference; fileEncoding = 4; lastKnownFileType = sourcecode.c.objc; path = StaffRegistration13ViewController.m; sourceTree = "<group>"; };
		DE8444AD1B9FAB570085DA73 /* StaffRegistration14ViewController.h */ = {isa = PBXFileReference; fileEncoding = 4; lastKnownFileType = sourcecode.c.h; path = StaffRegistration14ViewController.h; sourceTree = "<group>"; };
		DE8444AE1B9FAB570085DA73 /* StaffRegistration14ViewController.m */ = {isa = PBXFileReference; fileEncoding = 4; lastKnownFileType = sourcecode.c.objc; path = StaffRegistration14ViewController.m; sourceTree = "<group>"; };
		DE8C2E5A1BA9B81200AA0BB6 /* StaffRegistration2ViewController.m */ = {isa = PBXFileReference; fileEncoding = 4; lastKnownFileType = sourcecode.c.objc; path = StaffRegistration2ViewController.m; sourceTree = "<group>"; };
		DE8C2E5C1BA9BB2C00AA0BB6 /* StaffRegistration3ViewController.h */ = {isa = PBXFileReference; fileEncoding = 4; lastKnownFileType = sourcecode.c.h; path = StaffRegistration3ViewController.h; sourceTree = "<group>"; };
		DE8C2E5D1BA9BB2C00AA0BB6 /* StaffRegistration3ViewController.m */ = {isa = PBXFileReference; fileEncoding = 4; lastKnownFileType = sourcecode.c.objc; path = StaffRegistration3ViewController.m; sourceTree = "<group>"; };
		DE8C2E5F1BA9E16600AA0BB6 /* StaffRegistration10ViewController.h */ = {isa = PBXFileReference; fileEncoding = 4; lastKnownFileType = sourcecode.c.h; path = StaffRegistration10ViewController.h; sourceTree = "<group>"; };
		DE8C2E601BA9E16600AA0BB6 /* StaffRegistration10ViewController.m */ = {isa = PBXFileReference; fileEncoding = 4; lastKnownFileType = sourcecode.c.objc; path = StaffRegistration10ViewController.m; sourceTree = "<group>"; };
		DEC6532C1BB25B73001A8655 /* StaffDatabase.h */ = {isa = PBXFileReference; fileEncoding = 4; lastKnownFileType = sourcecode.c.h; path = StaffDatabase.h; sourceTree = "<group>"; };
		DEC6532D1BB25B73001A8655 /* StaffDatabase.m */ = {isa = PBXFileReference; fileEncoding = 4; lastKnownFileType = sourcecode.c.objc; path = StaffDatabase.m; sourceTree = "<group>"; };
		DEC653301BB3992F001A8655 /* RegisteredStaff.h */ = {isa = PBXFileReference; fileEncoding = 4; lastKnownFileType = sourcecode.c.h; path = RegisteredStaff.h; sourceTree = "<group>"; };
		DEC653311BB3992F001A8655 /* RegisteredStaff.m */ = {isa = PBXFileReference; fileEncoding = 4; lastKnownFileType = sourcecode.c.objc; path = RegisteredStaff.m; sourceTree = "<group>"; };
		DED49C451B97CA0A0091B986 /* ForgotPasswordViewController.h */ = {isa = PBXFileReference; fileEncoding = 4; lastKnownFileType = sourcecode.c.h; path = ForgotPasswordViewController.h; sourceTree = "<group>"; };
		DED49C461B97CA0A0091B986 /* ForgotPasswordViewController.m */ = {isa = PBXFileReference; fileEncoding = 4; lastKnownFileType = sourcecode.c.objc; path = ForgotPasswordViewController.m; sourceTree = "<group>"; };
		DEE6B8421B9941C200912541 /* StaffRegistration2ViewController.h */ = {isa = PBXFileReference; fileEncoding = 4; lastKnownFileType = sourcecode.c.h; path = StaffRegistration2ViewController.h; sourceTree = "<group>"; };
		DEE6B8481B9942CA00912541 /* StaffRegistration5ViewController.h */ = {isa = PBXFileReference; fileEncoding = 4; lastKnownFileType = sourcecode.c.h; path = StaffRegistration5ViewController.h; sourceTree = "<group>"; };
		DEE6B8491B9942CA00912541 /* StaffRegistration5ViewController.m */ = {isa = PBXFileReference; fileEncoding = 4; lastKnownFileType = sourcecode.c.objc; path = StaffRegistration5ViewController.m; sourceTree = "<group>"; };
		DEE6B84B1B9942DA00912541 /* StaffRegistration6ViewController.h */ = {isa = PBXFileReference; fileEncoding = 4; lastKnownFileType = sourcecode.c.h; path = StaffRegistration6ViewController.h; sourceTree = "<group>"; };
		DEE6B84C1B9942DA00912541 /* StaffRegistration6ViewController.m */ = {isa = PBXFileReference; fileEncoding = 4; lastKnownFileType = sourcecode.c.objc; path = StaffRegistration6ViewController.m; sourceTree = "<group>"; };
		DEE6B84E1B9942E500912541 /* StaffRegistration7ViewController.h */ = {isa = PBXFileReference; fileEncoding = 4; lastKnownFileType = sourcecode.c.h; path = StaffRegistration7ViewController.h; sourceTree = "<group>"; };
		DEE6B84F1B9942E500912541 /* StaffRegistration7ViewController.m */ = {isa = PBXFileReference; fileEncoding = 4; lastKnownFileType = sourcecode.c.objc; path = StaffRegistration7ViewController.m; sourceTree = "<group>"; };
		DEF0BAB71B9D56C8001C6D84 /* StaffRegistration8ViewController.h */ = {isa = PBXFileReference; fileEncoding = 4; lastKnownFileType = sourcecode.c.h; path = StaffRegistration8ViewController.h; sourceTree = "<group>"; };
		DEF0BAB81B9D56C8001C6D84 /* StaffRegistration8ViewController.m */ = {isa = PBXFileReference; fileEncoding = 4; lastKnownFileType = sourcecode.c.objc; path = StaffRegistration8ViewController.m; sourceTree = "<group>"; };
		DEF0BAC51B9E5025001C6D84 /* StaffRegistration9ViewController.h */ = {isa = PBXFileReference; fileEncoding = 4; lastKnownFileType = sourcecode.c.h; path = StaffRegistration9ViewController.h; sourceTree = "<group>"; };
		DEF0BAC61B9E5025001C6D84 /* StaffRegistration9ViewController.m */ = {isa = PBXFileReference; fileEncoding = 4; lastKnownFileType = sourcecode.c.objc; path = StaffRegistration9ViewController.m; sourceTree = "<group>"; };
		DEF0BACB1B9E5051001C6D84 /* StaffRegistration11ViewController.h */ = {isa = PBXFileReference; fileEncoding = 4; lastKnownFileType = sourcecode.c.h; path = StaffRegistration11ViewController.h; sourceTree = "<group>"; };
		DEF0BACC1B9E5051001C6D84 /* StaffRegistration11ViewController.m */ = {isa = PBXFileReference; fileEncoding = 4; lastKnownFileType = sourcecode.c.objc; path = StaffRegistration11ViewController.m; sourceTree = "<group>"; };
		DEF0BACF1B9EB2FA001C6D84 /* StaffRegistration12ViewController.h */ = {isa = PBXFileReference; fileEncoding = 4; lastKnownFileType = sourcecode.c.h; path = StaffRegistration12ViewController.h; sourceTree = "<group>"; };
		DEF0BAD01B9EB2FA001C6D84 /* StaffRegistration12ViewController.m */ = {isa = PBXFileReference; fileEncoding = 4; lastKnownFileType = sourcecode.c.objc; path = StaffRegistration12ViewController.m; sourceTree = "<group>"; };
/* End PBXFileReference section */

/* Begin PBXFrameworksBuildPhase section */
		DE6722AB1B968CC600599039 /* Frameworks */ = {
			isa = PBXFrameworksBuildPhase;
			buildActionMask = 2147483647;
			files = (
			);
			runOnlyForDeploymentPostprocessing = 0;
		};
		DE6722C71B968CC600599039 /* Frameworks */ = {
			isa = PBXFrameworksBuildPhase;
			buildActionMask = 2147483647;
			files = (
			);
			runOnlyForDeploymentPostprocessing = 0;
		};
/* End PBXFrameworksBuildPhase section */

/* Begin PBXGroup section */
		DE493F331BD72A42005DC462 /* Account Settings */ = {
			isa = PBXGroup;
			children = (
				DE493F341BD72A7B005DC462 /* StaffAccountSettingsViewController.h */,
				DE493F351BD72A7B005DC462 /* StaffAccountSettingsViewController.m */,
			);
			name = "Account Settings";
			sourceTree = "<group>";
		};
		DE493F371BD72A83005DC462 /* Account Settings */ = {
			isa = PBXGroup;
			children = (
				DE493F381BD72A9D005DC462 /* EmployerAccountSettingsViewController.h */,
				DE493F391BD72A9D005DC462 /* EmployerAccountSettingsViewController.m */,
			);
			name = "Account Settings";
			sourceTree = "<group>";
		};
		DE6722A51B968CC600599039 = {
			isa = PBXGroup;
			children = (
				DE6722B01B968CC600599039 /* GoLocalApp */,
				DE6722CD1B968CC600599039 /* GoLocalAppTests */,
				DE6722AF1B968CC600599039 /* Products */,
			);
			sourceTree = "<group>";
		};
		DE6722AF1B968CC600599039 /* Products */ = {
			isa = PBXGroup;
			children = (
				DE6722AE1B968CC600599039 /* GoLocalApp.app */,
				DE6722CA1B968CC600599039 /* GoLocalAppTests.xctest */,
			);
			name = Products;
			sourceTree = "<group>";
		};
		DE6722B01B968CC600599039 /* GoLocalApp */ = {
			isa = PBXGroup;
			children = (
				DEC653281BB25A94001A8655 /* Application */,
				DEC653271BB25A81001A8655 /* CoreData */,
				DEC6532A1BB25AE9001A8655 /* Controllers */,
				DE7BB0101BD2A828002E3A52 /* Images */,
				DEC6532F1BB398F2001A8655 /* Models */,
				DEC653291BB25AA4001A8655 /* View */,
				DE6722B11B968CC600599039 /* Supporting Files */,
			);
			path = GoLocalApp;
			sourceTree = "<group>";
		};
		DE6722B11B968CC600599039 /* Supporting Files */ = {
			isa = PBXGroup;
			children = (
				DE6722B21B968CC600599039 /* Info.plist */,
				DE6722B31B968CC600599039 /* main.m */,
			);
			name = "Supporting Files";
			sourceTree = "<group>";
		};
		DE6722CD1B968CC600599039 /* GoLocalAppTests */ = {
			isa = PBXGroup;
			children = (
				DE6722D01B968CC600599039 /* GoLocalAppTests.m */,
				DE6722CE1B968CC600599039 /* Supporting Files */,
			);
			path = GoLocalAppTests;
			sourceTree = "<group>";
		};
		DE6722CE1B968CC600599039 /* Supporting Files */ = {
			isa = PBXGroup;
			children = (
				DE6722CF1B968CC600599039 /* Info.plist */,
			);
			name = "Supporting Files";
			sourceTree = "<group>";
		};
		DE6722DA1B968D0800599039 /* Log In */ = {
			isa = PBXGroup;
			children = (
				DE6722BB1B968CC600599039 /* LogInViewController.h */,
				DE6722BC1B968CC600599039 /* LogInViewController.m */,
				DE1D82DF1BA33469005671DB /* ToggleAccountViewController.h */,
				DE1D82E01BA33469005671DB /* ToggleAccountViewController.m */,
			);
			name = "Log In";
			sourceTree = "<group>";
		};
		DE6722DB1B968D1B00599039 /* Staff Home */ = {
			isa = PBXGroup;
			children = (
				DE493F331BD72A42005DC462 /* Account Settings */,
				DE6722E01B968D5500599039 /* StaffHomeViewController.h */,
				DE6722E11B968D5500599039 /* StaffHomeViewController.m */,
			);
			name = "Staff Home";
			sourceTree = "<group>";
		};
		DE6722DC1B968D2A00599039 /* Employer Home */ = {
			isa = PBXGroup;
			children = (
				DE493F371BD72A83005DC462 /* Account Settings */,
				DE6722DD1B968D4500599039 /* EmployerHomeViewController.h */,
				DE6722DE1B968D4500599039 /* EmployerHomeViewController.m */,
				DE7BB00A1BD2A7DE002E3A52 /* Search Talent */,
			);
			name = "Employer Home";
			sourceTree = "<group>";
		};
		DE6722E31B968D6900599039 /* Registration */ = {
			isa = PBXGroup;
			children = (
				DE6722E41B968D8700599039 /* PreRegistrationViewController.h */,
				DE6722E51B968D8700599039 /* PreRegistrationViewController.m */,
				DE6722ED1B968DC000599039 /* Employer Registration */,
				DE6722EE1B968DD300599039 /* Staff Registration */,
			);
			name = Registration;
			sourceTree = "<group>";
		};
		DE6722ED1B968DC000599039 /* Employer Registration */ = {
			isa = PBXGroup;
			children = (
				DE4AC3EE1BB75FA50071D7E2 /* EmployerRegistration0ViewController.h */,
				DE4AC3EF1BB75FA50071D7E2 /* EmployerRegistration0ViewController.m */,
				DE6722EA1B968DB900599039 /* EmployerRegistration1ViewController.h */,
				DE6722EB1B968DB900599039 /* EmployerRegistration1ViewController.m */,
				DE4AC3F11BB75FD90071D7E2 /* EmployerRegistration2ViewController.h */,
				DE4AC3F21BB75FD90071D7E2 /* EmployerRegistration2ViewController.m */,
				DE4AC3F41BB75FFD0071D7E2 /* EmployerRegistration3ViewController.h */,
				DE4AC3F51BB75FFD0071D7E2 /* EmployerRegistration3ViewController.m */,
			);
			name = "Employer Registration";
			sourceTree = "<group>";
		};
		DE6722EE1B968DD300599039 /* Staff Registration */ = {
			isa = PBXGroup;
			children = (
				DE6722E71B968D9F00599039 /* StaffRegistration0ViewController.h */,
				DE6722E81B968D9F00599039 /* StaffRegistration0ViewController.m */,
				DE0452D71BB51251008D747C /* StaffRegistration1ViewController.h */,
				DE0452D81BB51251008D747C /* StaffRegistration1ViewController.m */,
				DEE6B8421B9941C200912541 /* StaffRegistration2ViewController.h */,
				DE8C2E5A1BA9B81200AA0BB6 /* StaffRegistration2ViewController.m */,
				DE8C2E5C1BA9BB2C00AA0BB6 /* StaffRegistration3ViewController.h */,
				DE8C2E5D1BA9BB2C00AA0BB6 /* StaffRegistration3ViewController.m */,
				DEF0BAC01B9D6DB5001C6D84 /* Services */,
				DEF0BAB71B9D56C8001C6D84 /* StaffRegistration8ViewController.h */,
				DEF0BAB81B9D56C8001C6D84 /* StaffRegistration8ViewController.m */,
				DEF0BAC51B9E5025001C6D84 /* StaffRegistration9ViewController.h */,
				DEF0BAC61B9E5025001C6D84 /* StaffRegistration9ViewController.m */,
				DE8C2E5F1BA9E16600AA0BB6 /* StaffRegistration10ViewController.h */,
				DE8C2E601BA9E16600AA0BB6 /* StaffRegistration10ViewController.m */,
				DEF0BACB1B9E5051001C6D84 /* StaffRegistration11ViewController.h */,
				DEF0BACC1B9E5051001C6D84 /* StaffRegistration11ViewController.m */,
				DEF0BACF1B9EB2FA001C6D84 /* StaffRegistration12ViewController.h */,
				DEF0BAD01B9EB2FA001C6D84 /* StaffRegistration12ViewController.m */,
				DE8444A71B9F75060085DA73 /* StaffRegistration13ViewController.h */,
				DE8444A81B9F75060085DA73 /* StaffRegistration13ViewController.m */,
				DE8444AD1B9FAB570085DA73 /* StaffRegistration14ViewController.h */,
				DE8444AE1B9FAB570085DA73 /* StaffRegistration14ViewController.m */,
			);
			name = "Staff Registration";
			sourceTree = "<group>";
		};
		DE7BB00A1BD2A7DE002E3A52 /* Search Talent */ = {
			isa = PBXGroup;
			children = (
				DE7BB00B1BD2A806002E3A52 /* SearchTalentViewController.h */,
				DE7BB00C1BD2A806002E3A52 /* SearchTalentViewController.m */,
			);
			name = "Search Talent";
			sourceTree = "<group>";
		};
		DE7BB0101BD2A828002E3A52 /* Images */ = {
			isa = PBXGroup;
			children = (
				DE6722C11B968CC600599039 /* Images.xcassets */,
			);
			name = Images;
			sourceTree = "<group>";
		};
		DEC653271BB25A81001A8655 /* CoreData */ = {
			isa = PBXGroup;
			children = (
				DE6722B81B968CC600599039 /* GoLocalApp.xcdatamodeld */,
				DEC6532C1BB25B73001A8655 /* StaffDatabase.h */,
				DEC6532D1BB25B73001A8655 /* StaffDatabase.m */,
			);
			name = CoreData;
			sourceTree = "<group>";
		};
		DEC653281BB25A94001A8655 /* Application */ = {
			isa = PBXGroup;
			children = (
				DE6722B51B968CC600599039 /* AppDelegate.h */,
				DE6722B61B968CC600599039 /* AppDelegate.m */,
			);
			name = Application;
			sourceTree = "<group>";
		};
		DEC653291BB25AA4001A8655 /* View */ = {
			isa = PBXGroup;
			children = (
				DE6722C31B968CC600599039 /* LaunchScreen.xib */,
				DE6722BE1B968CC600599039 /* Main.storyboard */,
				DE7BB00D1BD2A806002E3A52 /* SearchTalentViewController.xib */,
			);
			name = View;
			sourceTree = "<group>";
		};
		DEC6532A1BB25AE9001A8655 /* Controllers */ = {
			isa = PBXGroup;
			children = (
				DE6722E31B968D6900599039 /* Registration */,
				DED49C481B97CA1B0091B986 /* ForgotPassword */,
				DE6722DC1B968D2A00599039 /* Employer Home */,
				DE6722DB1B968D1B00599039 /* Staff Home */,
				DE6722DA1B968D0800599039 /* Log In */,
			);
			name = Controllers;
			sourceTree = "<group>";
		};
		DEC6532F1BB398F2001A8655 /* Models */ = {
			isa = PBXGroup;
			children = (
				DEC653301BB3992F001A8655 /* RegisteredStaff.h */,
				DEC653311BB3992F001A8655 /* RegisteredStaff.m */,
				DE4AC4001BB761620071D7E2 /* RegisteredEmployer.h */,
				DE4AC4011BB761620071D7E2 /* RegisteredEmployer.m */,
				DE7BB0111BD4043E002E3A52 /* ColorWheel.h */,
				DE7BB0121BD4043E002E3A52 /* ColorWheel.m */,
			);
			name = Models;
			sourceTree = "<group>";
		};
		DED49C481B97CA1B0091B986 /* ForgotPassword */ = {
			isa = PBXGroup;
			children = (
				DED49C451B97CA0A0091B986 /* ForgotPasswordViewController.h */,
				DED49C461B97CA0A0091B986 /* ForgotPasswordViewController.m */,
			);
			name = ForgotPassword;
			sourceTree = "<group>";
		};
		DEF0BAC01B9D6DB5001C6D84 /* Services */ = {
			isa = PBXGroup;
			children = (
				DE0452DA1BB53944008D747C /* StaffRegistration4ViewController.h */,
				DE0452DB1BB53944008D747C /* StaffRegistration4ViewController.m */,
				DEE6B8481B9942CA00912541 /* StaffRegistration5ViewController.h */,
				DEE6B8491B9942CA00912541 /* StaffRegistration5ViewController.m */,
				DEE6B84B1B9942DA00912541 /* StaffRegistration6ViewController.h */,
				DEE6B84C1B9942DA00912541 /* StaffRegistration6ViewController.m */,
				DEE6B84E1B9942E500912541 /* StaffRegistration7ViewController.h */,
				DEE6B84F1B9942E500912541 /* StaffRegistration7ViewController.m */,
			);
			name = Services;
			sourceTree = "<group>";
		};
/* End PBXGroup section */

/* Begin PBXNativeTarget section */
		DE6722AD1B968CC600599039 /* GoLocalApp */ = {
			isa = PBXNativeTarget;
			buildConfigurationList = DE6722D41B968CC600599039 /* Build configuration list for PBXNativeTarget "GoLocalApp" */;
			buildPhases = (
				DE6722AA1B968CC600599039 /* Sources */,
				DE6722AB1B968CC600599039 /* Frameworks */,
				DE6722AC1B968CC600599039 /* Resources */,
			);
			buildRules = (
			);
			dependencies = (
			);
			name = GoLocalApp;
			productName = GoLocalApp;
			productReference = DE6722AE1B968CC600599039 /* GoLocalApp.app */;
			productType = "com.apple.product-type.application";
		};
		DE6722C91B968CC600599039 /* GoLocalAppTests */ = {
			isa = PBXNativeTarget;
			buildConfigurationList = DE6722D71B968CC600599039 /* Build configuration list for PBXNativeTarget "GoLocalAppTests" */;
			buildPhases = (
				DE6722C61B968CC600599039 /* Sources */,
				DE6722C71B968CC600599039 /* Frameworks */,
				DE6722C81B968CC600599039 /* Resources */,
			);
			buildRules = (
			);
			dependencies = (
				DE6722CC1B968CC600599039 /* PBXTargetDependency */,
			);
			name = GoLocalAppTests;
			productName = GoLocalAppTests;
			productReference = DE6722CA1B968CC600599039 /* GoLocalAppTests.xctest */;
			productType = "com.apple.product-type.bundle.unit-test";
		};
/* End PBXNativeTarget section */

/* Begin PBXProject section */
		DE6722A61B968CC600599039 /* Project object */ = {
			isa = PBXProject;
			attributes = {
				LastUpgradeCheck = 0710;
				ORGANIZATIONNAME = FIU;
				TargetAttributes = {
					DE6722AD1B968CC600599039 = {
						CreatedOnToolsVersion = 6.3;
						DevelopmentTeam = 225L9WJRG8;
					};
					DE6722C91B968CC600599039 = {
						CreatedOnToolsVersion = 6.3;
						TestTargetID = DE6722AD1B968CC600599039;
					};
				};
			};
			buildConfigurationList = DE6722A91B968CC600599039 /* Build configuration list for PBXProject "GoLocalApp" */;
			compatibilityVersion = "Xcode 3.2";
			developmentRegion = English;
			hasScannedForEncodings = 0;
			knownRegions = (
				en,
				Base,
			);
			mainGroup = DE6722A51B968CC600599039;
			productRefGroup = DE6722AF1B968CC600599039 /* Products */;
			projectDirPath = "";
			projectRoot = "";
			targets = (
				DE6722AD1B968CC600599039 /* GoLocalApp */,
				DE6722C91B968CC600599039 /* GoLocalAppTests */,
			);
		};
/* End PBXProject section */

/* Begin PBXResourcesBuildPhase section */
		DE6722AC1B968CC600599039 /* Resources */ = {
			isa = PBXResourcesBuildPhase;
			buildActionMask = 2147483647;
			files = (
				DE7BB00F1BD2A806002E3A52 /* SearchTalentViewController.xib in Resources */,
				DE6722C01B968CC600599039 /* Main.storyboard in Resources */,
				DE6722C51B968CC600599039 /* LaunchScreen.xib in Resources */,
				DE6722C21B968CC600599039 /* Images.xcassets in Resources */,
			);
			runOnlyForDeploymentPostprocessing = 0;
		};
		DE6722C81B968CC600599039 /* Resources */ = {
			isa = PBXResourcesBuildPhase;
			buildActionMask = 2147483647;
			files = (
			);
			runOnlyForDeploymentPostprocessing = 0;
		};
/* End PBXResourcesBuildPhase section */

/* Begin PBXSourcesBuildPhase section */
		DE6722AA1B968CC600599039 /* Sources */ = {
			isa = PBXSourcesBuildPhase;
			buildActionMask = 2147483647;
			files = (
				DE8C2E5B1BA9B81200AA0BB6 /* StaffRegistration2ViewController.m in Sources */,
				DE4AC3F01BB75FA50071D7E2 /* EmployerRegistration0ViewController.m in Sources */,
				DE1D82E11BA33469005671DB /* ToggleAccountViewController.m in Sources */,
				DEF0BACD1B9E5051001C6D84 /* StaffRegistration11ViewController.m in Sources */,
				DE6722DF1B968D4500599039 /* EmployerHomeViewController.m in Sources */,
				DE4AC3F31BB75FD90071D7E2 /* EmployerRegistration2ViewController.m in Sources */,
				DE8C2E611BA9E16600AA0BB6 /* StaffRegistration10ViewController.m in Sources */,
				DEC6532E1BB25B73001A8655 /* StaffDatabase.m in Sources */,
				DE7BB0131BD4043E002E3A52 /* ColorWheel.m in Sources */,
				DEC653321BB39930001A8655 /* RegisteredStaff.m in Sources */,
				DE4AC4021BB761620071D7E2 /* RegisteredEmployer.m in Sources */,
				DE6722EC1B968DB900599039 /* EmployerRegistration1ViewController.m in Sources */,
				DEF0BAC71B9E5025001C6D84 /* StaffRegistration9ViewController.m in Sources */,
				DE6722B71B968CC600599039 /* AppDelegate.m in Sources */,
				DE6722E21B968D5500599039 /* StaffHomeViewController.m in Sources */,
				DE0452D91BB51251008D747C /* StaffRegistration1ViewController.m in Sources */,
				DE493F361BD72A7B005DC462 /* StaffAccountSettingsViewController.m in Sources */,
				DE6722E61B968D8700599039 /* PreRegistrationViewController.m in Sources */,
				DE4AC3F61BB75FFD0071D7E2 /* EmployerRegistration3ViewController.m in Sources */,
				DE6722BA1B968CC600599039 /* GoLocalApp.xcdatamodeld in Sources */,
				DE0452DC1BB53944008D747C /* StaffRegistration4ViewController.m in Sources */,
				DEE6B84A1B9942CA00912541 /* StaffRegistration5ViewController.m in Sources */,
				DE6722BD1B968CC600599039 /* LogInViewController.m in Sources */,
				DE6722E91B968D9F00599039 /* StaffRegistration0ViewController.m in Sources */,
				DEF0BAB91B9D56C8001C6D84 /* StaffRegistration8ViewController.m in Sources */,
				DE7BB00E1BD2A806002E3A52 /* SearchTalentViewController.m in Sources */,
				DE8444A91B9F75060085DA73 /* StaffRegistration13ViewController.m in Sources */,
				DE493F3A1BD72A9D005DC462 /* EmployerAccountSettingsViewController.m in Sources */,
				DEE6B84D1B9942DA00912541 /* StaffRegistration6ViewController.m in Sources */,
				DED49C471B97CA0A0091B986 /* ForgotPasswordViewController.m in Sources */,
				DE8C2E5E1BA9BB2C00AA0BB6 /* StaffRegistration3ViewController.m in Sources */,
				DE8444AF1B9FAB570085DA73 /* StaffRegistration14ViewController.m in Sources */,
				DEF0BAD11B9EB2FA001C6D84 /* StaffRegistration12ViewController.m in Sources */,
				DEE6B8501B9942E500912541 /* StaffRegistration7ViewController.m in Sources */,
				DE6722B41B968CC600599039 /* main.m in Sources */,
			);
			runOnlyForDeploymentPostprocessing = 0;
		};
		DE6722C61B968CC600599039 /* Sources */ = {
			isa = PBXSourcesBuildPhase;
			buildActionMask = 2147483647;
			files = (
				DE6722D11B968CC600599039 /* GoLocalAppTests.m in Sources */,
			);
			runOnlyForDeploymentPostprocessing = 0;
		};
/* End PBXSourcesBuildPhase section */

/* Begin PBXTargetDependency section */
		DE6722CC1B968CC600599039 /* PBXTargetDependency */ = {
			isa = PBXTargetDependency;
			target = DE6722AD1B968CC600599039 /* GoLocalApp */;
			targetProxy = DE6722CB1B968CC600599039 /* PBXContainerItemProxy */;
		};
/* End PBXTargetDependency section */

/* Begin PBXVariantGroup section */
		DE6722BE1B968CC600599039 /* Main.storyboard */ = {
			isa = PBXVariantGroup;
			children = (
				DE6722BF1B968CC600599039 /* Base */,
			);
			name = Main.storyboard;
			sourceTree = "<group>";
		};
		DE6722C31B968CC600599039 /* LaunchScreen.xib */ = {
			isa = PBXVariantGroup;
			children = (
				DE6722C41B968CC600599039 /* Base */,
			);
			name = LaunchScreen.xib;
			sourceTree = "<group>";
		};
/* End PBXVariantGroup section */

/* Begin XCBuildConfiguration section */
		DE6722D21B968CC600599039 /* Debug */ = {
			isa = XCBuildConfiguration;
			buildSettings = {
				ALWAYS_SEARCH_USER_PATHS = NO;
				CLANG_CXX_LANGUAGE_STANDARD = "gnu++0x";
				CLANG_CXX_LIBRARY = "libc++";
				CLANG_ENABLE_MODULES = YES;
				CLANG_ENABLE_OBJC_ARC = YES;
				CLANG_WARN_BOOL_CONVERSION = YES;
				CLANG_WARN_CONSTANT_CONVERSION = YES;
				CLANG_WARN_DIRECT_OBJC_ISA_USAGE = YES_ERROR;
				CLANG_WARN_EMPTY_BODY = YES;
				CLANG_WARN_ENUM_CONVERSION = YES;
				CLANG_WARN_INT_CONVERSION = YES;
				CLANG_WARN_OBJC_ROOT_CLASS = YES_ERROR;
				CLANG_WARN_UNREACHABLE_CODE = YES;
				CLANG_WARN__DUPLICATE_METHOD_MATCH = YES;
				"CODE_SIGN_IDENTITY[sdk=iphoneos*]" = "iPhone Developer";
				COPY_PHASE_STRIP = NO;
				DEBUG_INFORMATION_FORMAT = "dwarf-with-dsym";
				ENABLE_STRICT_OBJC_MSGSEND = YES;
				ENABLE_TESTABILITY = YES;
				GCC_C_LANGUAGE_STANDARD = gnu99;
				GCC_DYNAMIC_NO_PIC = NO;
				GCC_NO_COMMON_BLOCKS = YES;
				GCC_OPTIMIZATION_LEVEL = 0;
				GCC_PREPROCESSOR_DEFINITIONS = (
					"DEBUG=1",
					"$(inherited)",
				);
				GCC_SYMBOLS_PRIVATE_EXTERN = NO;
				GCC_WARN_64_TO_32_BIT_CONVERSION = YES;
				GCC_WARN_ABOUT_RETURN_TYPE = YES_ERROR;
				GCC_WARN_UNDECLARED_SELECTOR = YES;
				GCC_WARN_UNINITIALIZED_AUTOS = YES_AGGRESSIVE;
				GCC_WARN_UNUSED_FUNCTION = YES;
				GCC_WARN_UNUSED_VARIABLE = YES;
				IPHONEOS_DEPLOYMENT_TARGET = 7.0;
				MTL_ENABLE_DEBUG_INFO = YES;
				ONLY_ACTIVE_ARCH = YES;
				SDKROOT = iphoneos;
			};
			name = Debug;
		};
		DE6722D31B968CC600599039 /* Release */ = {
			isa = XCBuildConfiguration;
			buildSettings = {
				ALWAYS_SEARCH_USER_PATHS = NO;
				CLANG_CXX_LANGUAGE_STANDARD = "gnu++0x";
				CLANG_CXX_LIBRARY = "libc++";
				CLANG_ENABLE_MODULES = YES;
				CLANG_ENABLE_OBJC_ARC = YES;
				CLANG_WARN_BOOL_CONVERSION = YES;
				CLANG_WARN_CONSTANT_CONVERSION = YES;
				CLANG_WARN_DIRECT_OBJC_ISA_USAGE = YES_ERROR;
				CLANG_WARN_EMPTY_BODY = YES;
				CLANG_WARN_ENUM_CONVERSION = YES;
				CLANG_WARN_INT_CONVERSION = YES;
				CLANG_WARN_OBJC_ROOT_CLASS = YES_ERROR;
				CLANG_WARN_UNREACHABLE_CODE = YES;
				CLANG_WARN__DUPLICATE_METHOD_MATCH = YES;
				"CODE_SIGN_IDENTITY[sdk=iphoneos*]" = "iPhone Developer";
				COPY_PHASE_STRIP = NO;
				DEBUG_INFORMATION_FORMAT = "dwarf-with-dsym";
				ENABLE_NS_ASSERTIONS = NO;
				ENABLE_STRICT_OBJC_MSGSEND = YES;
				GCC_C_LANGUAGE_STANDARD = gnu99;
				GCC_NO_COMMON_BLOCKS = YES;
				GCC_WARN_64_TO_32_BIT_CONVERSION = YES;
				GCC_WARN_ABOUT_RETURN_TYPE = YES_ERROR;
				GCC_WARN_UNDECLARED_SELECTOR = YES;
				GCC_WARN_UNINITIALIZED_AUTOS = YES_AGGRESSIVE;
				GCC_WARN_UNUSED_FUNCTION = YES;
				GCC_WARN_UNUSED_VARIABLE = YES;
				IPHONEOS_DEPLOYMENT_TARGET = 7.0;
				MTL_ENABLE_DEBUG_INFO = NO;
				SDKROOT = iphoneos;
				VALIDATE_PRODUCT = YES;
			};
			name = Release;
		};
		DE6722D51B968CC600599039 /* Debug */ = {
			isa = XCBuildConfiguration;
			buildSettings = {
				ASSETCATALOG_COMPILER_APPICON_NAME = AppIcon;
				CODE_SIGN_IDENTITY = "iPhone Developer";
				"CODE_SIGN_IDENTITY[sdk=iphoneos*]" = "iPhone Developer";
				INFOPLIST_FILE = GoLocalApp/Info.plist;
				LD_RUNPATH_SEARCH_PATHS = "$(inherited) @executable_path/Frameworks";
				PRODUCT_BUNDLE_IDENTIFIER = "FIU.$(PRODUCT_NAME:rfc1034identifier)";
				PRODUCT_NAME = "$(TARGET_NAME)";
				PROVISIONING_PROFILE = "";
			};
			name = Debug;
		};
		DE6722D61B968CC600599039 /* Release */ = {
			isa = XCBuildConfiguration;
			buildSettings = {
				ASSETCATALOG_COMPILER_APPICON_NAME = AppIcon;
				CODE_SIGN_IDENTITY = "iPhone Developer";
				"CODE_SIGN_IDENTITY[sdk=iphoneos*]" = "iPhone Developer";
				INFOPLIST_FILE = GoLocalApp/Info.plist;
				LD_RUNPATH_SEARCH_PATHS = "$(inherited) @executable_path/Frameworks";
				PRODUCT_BUNDLE_IDENTIFIER = "FIU.$(PRODUCT_NAME:rfc1034identifier)";
				PRODUCT_NAME = "$(TARGET_NAME)";
				PROVISIONING_PROFILE = "";
			};
			name = Release;
		};
		DE6722D81B968CC600599039 /* Debug */ = {
			isa = XCBuildConfiguration;
			buildSettings = {
				BUNDLE_LOADER = "$(TEST_HOST)";
				FRAMEWORK_SEARCH_PATHS = (
					"$(SDKROOT)/Developer/Library/Frameworks",
					"$(inherited)",
				);
				GCC_PREPROCESSOR_DEFINITIONS = (
					"DEBUG=1",
					"$(inherited)",
				);
				INFOPLIST_FILE = GoLocalAppTests/Info.plist;
				LD_RUNPATH_SEARCH_PATHS = "$(inherited) @executable_path/Frameworks @loader_path/Frameworks";
				PRODUCT_BUNDLE_IDENTIFIER = "FIU.$(PRODUCT_NAME:rfc1034identifier)";
				PRODUCT_NAME = "$(TARGET_NAME)";
				TEST_HOST = "$(BUILT_PRODUCTS_DIR)/GoLocalApp.app/GoLocalApp";
			};
			name = Debug;
		};
		DE6722D91B968CC600599039 /* Release */ = {
			isa = XCBuildConfiguration;
			buildSettings = {
				BUNDLE_LOADER = "$(TEST_HOST)";
				FRAMEWORK_SEARCH_PATHS = (
					"$(SDKROOT)/Developer/Library/Frameworks",
					"$(inherited)",
				);
				INFOPLIST_FILE = GoLocalAppTests/Info.plist;
				LD_RUNPATH_SEARCH_PATHS = "$(inherited) @executable_path/Frameworks @loader_path/Frameworks";
				PRODUCT_BUNDLE_IDENTIFIER = "FIU.$(PRODUCT_NAME:rfc1034identifier)";
				PRODUCT_NAME = "$(TARGET_NAME)";
				TEST_HOST = "$(BUILT_PRODUCTS_DIR)/GoLocalApp.app/GoLocalApp";
			};
			name = Release;
		};
/* End XCBuildConfiguration section */

/* Begin XCConfigurationList section */
		DE6722A91B968CC600599039 /* Build configuration list for PBXProject "GoLocalApp" */ = {
			isa = XCConfigurationList;
			buildConfigurations = (
				DE6722D21B968CC600599039 /* Debug */,
				DE6722D31B968CC600599039 /* Release */,
			);
			defaultConfigurationIsVisible = 0;
			defaultConfigurationName = Release;
		};
		DE6722D41B968CC600599039 /* Build configuration list for PBXNativeTarget "GoLocalApp" */ = {
			isa = XCConfigurationList;
			buildConfigurations = (
				DE6722D51B968CC600599039 /* Debug */,
				DE6722D61B968CC600599039 /* Release */,
			);
			defaultConfigurationIsVisible = 0;
			defaultConfigurationName = Release;
		};
		DE6722D71B968CC600599039 /* Build configuration list for PBXNativeTarget "GoLocalAppTests" */ = {
			isa = XCConfigurationList;
			buildConfigurations = (
				DE6722D81B968CC600599039 /* Debug */,
				DE6722D91B968CC600599039 /* Release */,
			);
			defaultConfigurationIsVisible = 0;
			defaultConfigurationName = Release;
		};
/* End XCConfigurationList section */

/* Begin XCVersionGroup section */
		DE6722B81B968CC600599039 /* GoLocalApp.xcdatamodeld */ = {
			isa = XCVersionGroup;
			children = (
				DE6722B91B968CC600599039 /* GoLocalApp.xcdatamodel */,
			);
			currentVersion = DE6722B91B968CC600599039 /* GoLocalApp.xcdatamodel */;
			path = GoLocalApp.xcdatamodeld;
			sourceTree = "<group>";
			versionGroupType = wrapper.xcdatamodel;
		};
/* End XCVersionGroup section */
	};
	rootObject = DE6722A61B968CC600599039 /* Project object */;
}
